
Microsoft Visual Studio Solution File, Format Version 12.00
# Visual Studio 15
VisualStudioVersion = 15.0.27703.2000
MinimumVisualStudioVersion = 10.0.40219.1
Project("{F184B08F-C81C-45F6-A57F-5ABD9991F28F}") = "SmartFridge", "SmartFridge\SmartFridge.vbproj", "{A8491A18-02C1-4241-93A7-1C2D835A47D0}"
EndProject
Global
	GlobalSection(SolutionConfigurationPlatforms) = preSolution
		Debug|Any CPU = Debug|Any CPU
		Release|Any CPU = Release|Any CPU
	EndGlobalSection
	GlobalSection(ProjectConfigurationPlatforms) = postSolution
		{A8491A18-02C1-4241-93A7-1C2D835A47D0}.Debug|Any CPU.ActiveCfg = Debug|Any CPU
		{A8491A18-02C1-4241-93A7-1C2D835A47D0}.Debug|Any CPU.Build.0 = Debug|Any CPU
		{A8491A18-02C1-4241-93A7-1C2D835A47D0}.Release|Any CPU.ActiveCfg = Release|Any CPU
		{A8491A18-02C1-4241-93A7-1C2D835A47D0}.Release|Any CPU.Build.0 = Release|Any CPU
	EndGlobalSection
	GlobalSection(SolutionProperties) = preSolution
		HideSolutionNode = FALSE
	EndGlobalSection
	GlobalSection(ExtensibilityGlobals) = postSolution
		SolutionGuid = {F5A1A630-FB28-4BFF-9EFF-3EB61203DD55}
	EndGlobalSection
EndGlobal
